
Microsoft Visual Studio Solution File, Format Version 12.00
# Visual Studio Version 17
VisualStudioVersion = 17.5.33414.496
MinimumVisualStudioVersion = 10.0.40219.1
Project("{FAE04EC0-301F-11D3-BF4B-00C04F79EFBC}") = "TMHCC.App", "TMHCC.App\TMHCC.App.csproj", "{6F303FFE-2493-4B95-AC2A-08AB1DD2291A}"
EndProject
Project("{FAE04EC0-301F-11D3-BF4B-00C04F79EFBC}") = "TMHCC.Test", "TMHCC.Test\TMHCC.Test.csproj", "{717D755D-5BBD-4499-9A13-F38351992F70}"
EndProject
Project("{FAE04EC0-301F-11D3-BF4B-00C04F79EFBC}") = "TMHCC.UITest", "TMHCC.UITest\TMHCC.UITest.csproj", "{1100FE86-5C9C-4485-A7C9-24D30D688A6E}"
EndProject
Global
	GlobalSection(SolutionConfigurationPlatforms) = preSolution
		Debug|Any CPU = Debug|Any CPU
		Release|Any CPU = Release|Any CPU
	EndGlobalSection
	GlobalSection(ProjectConfigurationPlatforms) = postSolution
		{6F303FFE-2493-4B95-AC2A-08AB1DD2291A}.Debug|Any CPU.ActiveCfg = Debug|Any CPU
		{6F303FFE-2493-4B95-AC2A-08AB1DD2291A}.Debug|Any CPU.Build.0 = Debug|Any CPU
		{6F303FFE-2493-4B95-AC2A-08AB1DD2291A}.Release|Any CPU.ActiveCfg = Release|Any CPU
		{6F303FFE-2493-4B95-AC2A-08AB1DD2291A}.Release|Any CPU.Build.0 = Release|Any CPU
		{717D755D-5BBD-4499-9A13-F38351992F70}.Debug|Any CPU.ActiveCfg = Debug|Any CPU
		{717D755D-5BBD-4499-9A13-F38351992F70}.Debug|Any CPU.Build.0 = Debug|Any CPU
		{717D755D-5BBD-4499-9A13-F38351992F70}.Release|Any CPU.ActiveCfg = Release|Any CPU
		{717D755D-5BBD-4499-9A13-F38351992F70}.Release|Any CPU.Build.0 = Release|Any CPU
		{1100FE86-5C9C-4485-A7C9-24D30D688A6E}.Debug|Any CPU.ActiveCfg = Debug|Any CPU
		{1100FE86-5C9C-4485-A7C9-24D30D688A6E}.Debug|Any CPU.Build.0 = Debug|Any CPU
		{1100FE86-5C9C-4485-A7C9-24D30D688A6E}.Release|Any CPU.ActiveCfg = Release|Any CPU
		{1100FE86-5C9C-4485-A7C9-24D30D688A6E}.Release|Any CPU.Build.0 = Release|Any CPU
	EndGlobalSection
	GlobalSection(SolutionProperties) = preSolution
		HideSolutionNode = FALSE
	EndGlobalSection
	GlobalSection(ExtensibilityGlobals) = postSolution
		SolutionGuid = {EF405AC8-D9F2-432B-87F7-7B83D423AE3D}
	EndGlobalSection
EndGlobal
